
Microsoft Visual Studio Solution File, Format Version 12.00
# Visual Studio Version 17
VisualStudioVersion = 17.12.35521.163 d17.12
MinimumVisualStudioVersion = 10.0.40219.1
Project("{FAE04EC0-301F-11D3-BF4B-00C04F79EFBC}") = "hwSwarm_asp2", "hwSwarm_asp2\hwSwarm_asp2.csproj", "{FAF84B1E-3E94-4EBD-B42E-7C6358D8E11D}"
EndProject
Global
	GlobalSection(SolutionConfigurationPlatforms) = preSolution
		Debug|Any CPU = Debug|Any CPU
		Release|Any CPU = Release|Any CPU
	EndGlobalSection
	GlobalSection(ProjectConfigurationPlatforms) = postSolution
		{FAF84B1E-3E94-4EBD-B42E-7C6358D8E11D}.Debug|Any CPU.ActiveCfg = Debug|Any CPU
		{FAF84B1E-3E94-4EBD-B42E-7C6358D8E11D}.Debug|Any CPU.Build.0 = Debug|Any CPU
		{FAF84B1E-3E94-4EBD-B42E-7C6358D8E11D}.Release|Any CPU.ActiveCfg = Release|Any CPU
		{FAF84B1E-3E94-4EBD-B42E-7C6358D8E11D}.Release|Any CPU.Build.0 = Release|Any CPU
	EndGlobalSection
	GlobalSection(SolutionProperties) = preSolution
		HideSolutionNode = FALSE
	EndGlobalSection
EndGlobal
